// !$*UTF8*$!
{
	archiveVersion = 1;
	classes = {
	};
	objectVersion = 56;
	objects = {

/* Begin PBXBuildFile section */
		6C08A2942A55EE0400BB369C /* VideoPlayerView.swift in Sources */ = {isa = PBXBuildFile; fileRef = 6C08A2932A55EE0400BB369C /* VideoPlayerView.swift */; };
		6C08A2972A55EF0B00BB369C /* VideoPlayerHelper.swift in Sources */ = {isa = PBXBuildFile; fileRef = 6C08A2962A55EF0B00BB369C /* VideoPlayerHelper.swift */; };
		6C08A2992A55F09300BB369C /* Video in Resources */ = {isa = PBXBuildFile; fileRef = 6C5BE3802A3F0C7D0091C165 /* Video */; };
		6C12D4B62A43843900EB16C3 /* CoverImageView.swift in Sources */ = {isa = PBXBuildFile; fileRef = 6C12D4B52A43843900EB16C3 /* CoverImageView.swift */; };
		6C12D4B92A4388E200EB16C3 /* CoverImageModel.swift in Sources */ = {isa = PBXBuildFile; fileRef = 6C12D4B82A4388E200EB16C3 /* CoverImageModel.swift */; };
		6C12D4BC2A438A8100EB16C3 /* CodableBundleExtension.swift in Sources */ = {isa = PBXBuildFile; fileRef = 6C12D4BB2A438A8100EB16C3 /* CodableBundleExtension.swift */; };
		6C5BE3712A3F06540091C165 /* AfricaApp.swift in Sources */ = {isa = PBXBuildFile; fileRef = 6C5BE3702A3F06540091C165 /* AfricaApp.swift */; };
		6C5BE3732A3F06540091C165 /* ContentView.swift in Sources */ = {isa = PBXBuildFile; fileRef = 6C5BE3722A3F06540091C165 /* ContentView.swift */; };
		6C5BE3752A3F06550091C165 /* Assets.xcassets in Resources */ = {isa = PBXBuildFile; fileRef = 6C5BE3742A3F06550091C165 /* Assets.xcassets */; };
		6C5BE3782A3F06550091C165 /* Preview Assets.xcassets in Resources */ = {isa = PBXBuildFile; fileRef = 6C5BE3772A3F06550091C165 /* Preview Assets.xcassets */; };
		6C5BE3892A421CFF0091C165 /* VideoListView.swift in Sources */ = {isa = PBXBuildFile; fileRef = 6C5BE3882A421CFF0091C165 /* VideoListView.swift */; };
		6C5BE38D2A421DC50091C165 /* MapView.swift in Sources */ = {isa = PBXBuildFile; fileRef = 6C5BE38C2A421DC50091C165 /* MapView.swift */; };
		6C5BE38F2A421DE50091C165 /* GalleryView.swift in Sources */ = {isa = PBXBuildFile; fileRef = 6C5BE38E2A421DE50091C165 /* GalleryView.swift */; };
		6C5BE3912A421E000091C165 /* MainView.swift in Sources */ = {isa = PBXBuildFile; fileRef = 6C5BE3902A421E000091C165 /* MainView.swift */; };
		6C7647232A48DCA800B2601C /* VideoModel.swift in Sources */ = {isa = PBXBuildFile; fileRef = 6C7647222A48DCA800B2601C /* VideoModel.swift */; };
		6C7647252A48DCE000B2601C /* VideoListItem.swift in Sources */ = {isa = PBXBuildFile; fileRef = 6C7647242A48DCE000B2601C /* VideoListItem.swift */; };
		6C7647282A48DD2F00B2601C /* Data in Resources */ = {isa = PBXBuildFile; fileRef = 6C5BE3842A421B350091C165 /* Data */; };
		6C94B9272A5DC19200FDD21E /* LocationModel.swift in Sources */ = {isa = PBXBuildFile; fileRef = 6C94B9262A5DC19200FDD21E /* LocationModel.swift */; };
		6CDAA0872A46D80900843465 /* AnimalListItemView.swift in Sources */ = {isa = PBXBuildFile; fileRef = 6CDAA0862A46D80900843465 /* AnimalListItemView.swift */; };
		6CDAA0892A46D96D00843465 /* AnimalModel.swift in Sources */ = {isa = PBXBuildFile; fileRef = 6CDAA0882A46D96D00843465 /* AnimalModel.swift */; };
		6CDAA08D2A47024900843465 /* AnimalDetailView.swift in Sources */ = {isa = PBXBuildFile; fileRef = 6CDAA08C2A47024900843465 /* AnimalDetailView.swift */; };
		6CDAA08F2A4703E400843465 /* HeadingView.swift in Sources */ = {isa = PBXBuildFile; fileRef = 6CDAA08E2A4703E400843465 /* HeadingView.swift */; };
		6CDAA0912A4704FA00843465 /* InsetGalleryView.swift in Sources */ = {isa = PBXBuildFile; fileRef = 6CDAA0902A4704FA00843465 /* InsetGalleryView.swift */; };
		6CDAA0932A4708A100843465 /* InsetFactView.swift in Sources */ = {isa = PBXBuildFile; fileRef = 6CDAA0922A4708A100843465 /* InsetFactView.swift */; };
		6CDAA0952A470B5400843465 /* InsetMapView.swift in Sources */ = {isa = PBXBuildFile; fileRef = 6CDAA0942A470B5400843465 /* InsetMapView.swift */; };
		6CDAA0972A477CEE00843465 /* ExternalWeblinkView.swift in Sources */ = {isa = PBXBuildFile; fileRef = 6CDAA0962A477CEE00843465 /* ExternalWeblinkView.swift */; };
/* End PBXBuildFile section */

/* Begin PBXFileReference section */
		6C08A2932A55EE0400BB369C /* VideoPlayerView.swift */ = {isa = PBXFileReference; lastKnownFileType = sourcecode.swift; path = VideoPlayerView.swift; sourceTree = "<group>"; };
		6C08A2962A55EF0B00BB369C /* VideoPlayerHelper.swift */ = {isa = PBXFileReference; lastKnownFileType = sourcecode.swift; path = VideoPlayerHelper.swift; sourceTree = "<group>"; };
		6C12D4B52A43843900EB16C3 /* CoverImageView.swift */ = {isa = PBXFileReference; lastKnownFileType = sourcecode.swift; path = CoverImageView.swift; sourceTree = "<group>"; };
		6C12D4B82A4388E200EB16C3 /* CoverImageModel.swift */ = {isa = PBXFileReference; lastKnownFileType = sourcecode.swift; path = CoverImageModel.swift; sourceTree = "<group>"; };
		6C12D4BB2A438A8100EB16C3 /* CodableBundleExtension.swift */ = {isa = PBXFileReference; lastKnownFileType = sourcecode.swift; path = CodableBundleExtension.swift; sourceTree = "<group>"; };
		6C5BE36D2A3F06540091C165 /* Africa.app */ = {isa = PBXFileReference; explicitFileType = wrapper.application; includeInIndex = 0; path = Africa.app; sourceTree = BUILT_PRODUCTS_DIR; };
		6C5BE3702A3F06540091C165 /* AfricaApp.swift */ = {isa = PBXFileReference; lastKnownFileType = sourcecode.swift; path = AfricaApp.swift; sourceTree = "<group>"; };
		6C5BE3722A3F06540091C165 /* ContentView.swift */ = {isa = PBXFileReference; lastKnownFileType = sourcecode.swift; path = ContentView.swift; sourceTree = "<group>"; };
		6C5BE3742A3F06550091C165 /* Assets.xcassets */ = {isa = PBXFileReference; lastKnownFileType = folder.assetcatalog; path = Assets.xcassets; sourceTree = "<group>"; };
		6C5BE3772A3F06550091C165 /* Preview Assets.xcassets */ = {isa = PBXFileReference; lastKnownFileType = folder.assetcatalog; path = "Preview Assets.xcassets"; sourceTree = "<group>"; };
		6C5BE3802A3F0C7D0091C165 /* Video */ = {isa = PBXFileReference; lastKnownFileType = folder; path = Video; sourceTree = "<group>"; };
		6C5BE3842A421B350091C165 /* Data */ = {isa = PBXFileReference; lastKnownFileType = folder; path = Data; sourceTree = "<group>"; };
		6C5BE3862A421C000091C165 /* Info.plist */ = {isa = PBXFileReference; lastKnownFileType = text.plist; path = Info.plist; sourceTree = "<group>"; };
		6C5BE3882A421CFF0091C165 /* VideoListView.swift */ = {isa = PBXFileReference; lastKnownFileType = sourcecode.swift; path = VideoListView.swift; sourceTree = "<group>"; };
		6C5BE38C2A421DC50091C165 /* MapView.swift */ = {isa = PBXFileReference; lastKnownFileType = sourcecode.swift; path = MapView.swift; sourceTree = "<group>"; };
		6C5BE38E2A421DE50091C165 /* GalleryView.swift */ = {isa = PBXFileReference; lastKnownFileType = sourcecode.swift; path = GalleryView.swift; sourceTree = "<group>"; };
		6C5BE3902A421E000091C165 /* MainView.swift */ = {isa = PBXFileReference; lastKnownFileType = sourcecode.swift; path = MainView.swift; sourceTree = "<group>"; };
		6C7647222A48DCA800B2601C /* VideoModel.swift */ = {isa = PBXFileReference; lastKnownFileType = sourcecode.swift; path = VideoModel.swift; sourceTree = "<group>"; };
		6C7647242A48DCE000B2601C /* VideoListItem.swift */ = {isa = PBXFileReference; lastKnownFileType = sourcecode.swift; path = VideoListItem.swift; sourceTree = "<group>"; };
		6C94B9262A5DC19200FDD21E /* LocationModel.swift */ = {isa = PBXFileReference; lastKnownFileType = sourcecode.swift; path = LocationModel.swift; sourceTree = "<group>"; };
		6CDAA0862A46D80900843465 /* AnimalListItemView.swift */ = {isa = PBXFileReference; lastKnownFileType = sourcecode.swift; path = AnimalListItemView.swift; sourceTree = "<group>"; };
		6CDAA0882A46D96D00843465 /* AnimalModel.swift */ = {isa = PBXFileReference; lastKnownFileType = sourcecode.swift; path = AnimalModel.swift; sourceTree = "<group>"; };
		6CDAA08C2A47024900843465 /* AnimalDetailView.swift */ = {isa = PBXFileReference; lastKnownFileType = sourcecode.swift; path = AnimalDetailView.swift; sourceTree = "<group>"; };
		6CDAA08E2A4703E400843465 /* HeadingView.swift */ = {isa = PBXFileReference; lastKnownFileType = sourcecode.swift; path = HeadingView.swift; sourceTree = "<group>"; };
		6CDAA0902A4704FA00843465 /* InsetGalleryView.swift */ = {isa = PBXFileReference; lastKnownFileType = sourcecode.swift; path = InsetGalleryView.swift; sourceTree = "<group>"; };
		6CDAA0922A4708A100843465 /* InsetFactView.swift */ = {isa = PBXFileReference; lastKnownFileType = sourcecode.swift; path = InsetFactView.swift; sourceTree = "<group>"; };
		6CDAA0942A470B5400843465 /* InsetMapView.swift */ = {isa = PBXFileReference; lastKnownFileType = sourcecode.swift; path = InsetMapView.swift; sourceTree = "<group>"; };
		6CDAA0962A477CEE00843465 /* ExternalWeblinkView.swift */ = {isa = PBXFileReference; lastKnownFileType = sourcecode.swift; path = ExternalWeblinkView.swift; sourceTree = "<group>"; };
/* End PBXFileReference section */

/* Begin PBXFrameworksBuildPhase section */
		6C5BE36A2A3F06540091C165 /* Frameworks */ = {
			isa = PBXFrameworksBuildPhase;
			buildActionMask = 2147483647;
			files = (
			);
			runOnlyForDeploymentPostprocessing = 0;
		};
/* End PBXFrameworksBuildPhase section */

/* Begin PBXGroup section */
		6C08A2952A55EEF400BB369C /* Helper */ = {
			isa = PBXGroup;
			children = (
				6C08A2962A55EF0B00BB369C /* VideoPlayerHelper.swift */,
			);
			path = Helper;
			sourceTree = "<group>";
		};
		6C12D4B42A43842900EB16C3 /* View */ = {
			isa = PBXGroup;
			children = (
				6C12D4B52A43843900EB16C3 /* CoverImageView.swift */,
				6CDAA0862A46D80900843465 /* AnimalListItemView.swift */,
				6CDAA08C2A47024900843465 /* AnimalDetailView.swift */,
				6CDAA08E2A4703E400843465 /* HeadingView.swift */,
				6CDAA0902A4704FA00843465 /* InsetGalleryView.swift */,
				6CDAA0922A4708A100843465 /* InsetFactView.swift */,
				6CDAA0942A470B5400843465 /* InsetMapView.swift */,
				6CDAA0962A477CEE00843465 /* ExternalWeblinkView.swift */,
				6C7647242A48DCE000B2601C /* VideoListItem.swift */,
				6C08A2932A55EE0400BB369C /* VideoPlayerView.swift */,
			);
			path = View;
			sourceTree = "<group>";
		};
		6C12D4B72A4388C000EB16C3 /* Model */ = {
			isa = PBXGroup;
			children = (
				6C12D4B82A4388E200EB16C3 /* CoverImageModel.swift */,
				6CDAA0882A46D96D00843465 /* AnimalModel.swift */,
				6C7647222A48DCA800B2601C /* VideoModel.swift */,
				6C94B9262A5DC19200FDD21E /* LocationModel.swift */,
			);
			path = Model;
			sourceTree = "<group>";
		};
		6C12D4BA2A438A5500EB16C3 /* Extension */ = {
			isa = PBXGroup;
			children = (
				6C12D4BB2A438A8100EB16C3 /* CodableBundleExtension.swift */,
			);
			path = Extension;
			sourceTree = "<group>";
		};
		6C5BE3642A3F06540091C165 = {
			isa = PBXGroup;
			children = (
				6C5BE36F2A3F06540091C165 /* Africa */,
				6C5BE36E2A3F06540091C165 /* Products */,
			);
			sourceTree = "<group>";
		};
		6C5BE36E2A3F06540091C165 /* Products */ = {
			isa = PBXGroup;
			children = (
				6C5BE36D2A3F06540091C165 /* Africa.app */,
			);
			name = Products;
			sourceTree = "<group>";
		};
		6C5BE36F2A3F06540091C165 /* Africa */ = {
			isa = PBXGroup;
			children = (
				6C08A2952A55EEF400BB369C /* Helper */,
				6C12D4BA2A438A5500EB16C3 /* Extension */,
				6C12D4B72A4388C000EB16C3 /* Model */,
				6C12D4B42A43842900EB16C3 /* View */,
				6C5BE3862A421C000091C165 /* Info.plist */,
				6C5BE3842A421B350091C165 /* Data */,
				6C5BE3802A3F0C7D0091C165 /* Video */,
				6C5BE3872A421CAF0091C165 /* App */,
				6C5BE3742A3F06550091C165 /* Assets.xcassets */,
				6C5BE3762A3F06550091C165 /* Preview Content */,
			);
			path = Africa;
			sourceTree = "<group>";
		};
		6C5BE3762A3F06550091C165 /* Preview Content */ = {
			isa = PBXGroup;
			children = (
				6C5BE3772A3F06550091C165 /* Preview Assets.xcassets */,
			);
			path = "Preview Content";
			sourceTree = "<group>";
		};
		6C5BE3872A421CAF0091C165 /* App */ = {
			isa = PBXGroup;
			children = (
				6C5BE3702A3F06540091C165 /* AfricaApp.swift */,
				6C5BE3722A3F06540091C165 /* ContentView.swift */,
				6C5BE3882A421CFF0091C165 /* VideoListView.swift */,
				6C5BE38C2A421DC50091C165 /* MapView.swift */,
				6C5BE38E2A421DE50091C165 /* GalleryView.swift */,
				6C5BE3902A421E000091C165 /* MainView.swift */,
			);
			path = App;
			sourceTree = "<group>";
		};
/* End PBXGroup section */

/* Begin PBXNativeTarget section */
		6C5BE36C2A3F06540091C165 /* Africa */ = {
			isa = PBXNativeTarget;
			buildConfigurationList = 6C5BE37B2A3F06550091C165 /* Build configuration list for PBXNativeTarget "Africa" */;
			buildPhases = (
				6C5BE3692A3F06540091C165 /* Sources */,
				6C5BE36A2A3F06540091C165 /* Frameworks */,
				6C5BE36B2A3F06540091C165 /* Resources */,
			);
			buildRules = (
			);
			dependencies = (
			);
			name = Africa;
			productName = Africa;
			productReference = 6C5BE36D2A3F06540091C165 /* Africa.app */;
			productType = "com.apple.product-type.application";
		};
/* End PBXNativeTarget section */

/* Begin PBXProject section */
		6C5BE3652A3F06540091C165 /* Project object */ = {
			isa = PBXProject;
			attributes = {
				BuildIndependentTargetsInParallel = 1;
				LastSwiftUpdateCheck = 1430;
				LastUpgradeCheck = 1430;
				TargetAttributes = {
					6C5BE36C2A3F06540091C165 = {
						CreatedOnToolsVersion = 14.3.1;
					};
				};
			};
			buildConfigurationList = 6C5BE3682A3F06540091C165 /* Build configuration list for PBXProject "Africa" */;
			compatibilityVersion = "Xcode 14.0";
			developmentRegion = en;
			hasScannedForEncodings = 0;
			knownRegions = (
				en,
				Base,
			);
			mainGroup = 6C5BE3642A3F06540091C165;
			productRefGroup = 6C5BE36E2A3F06540091C165 /* Products */;
			projectDirPath = "";
			projectRoot = "";
			targets = (
				6C5BE36C2A3F06540091C165 /* Africa */,
			);
		};
/* End PBXProject section */

/* Begin PBXResourcesBuildPhase section */
		6C5BE36B2A3F06540091C165 /* Resources */ = {
			isa = PBXResourcesBuildPhase;
			buildActionMask = 2147483647;
			files = (
				6C08A2992A55F09300BB369C /* Video in Resources */,
				6C7647282A48DD2F00B2601C /* Data in Resources */,
				6C5BE3782A3F06550091C165 /* Preview Assets.xcassets in Resources */,
				6C5BE3752A3F06550091C165 /* Assets.xcassets in Resources */,
			);
			runOnlyForDeploymentPostprocessing = 0;
		};
/* End PBXResourcesBuildPhase section */

/* Begin PBXSourcesBuildPhase section */
		6C5BE3692A3F06540091C165 /* Sources */ = {
			isa = PBXSourcesBuildPhase;
			buildActionMask = 2147483647;
			files = (
				6CDAA0972A477CEE00843465 /* ExternalWeblinkView.swift in Sources */,
				6C5BE3732A3F06540091C165 /* ContentView.swift in Sources */,
				6CDAA0872A46D80900843465 /* AnimalListItemView.swift in Sources */,
				6C5BE3912A421E000091C165 /* MainView.swift in Sources */,
				6CDAA0932A4708A100843465 /* InsetFactView.swift in Sources */,
				6C5BE38D2A421DC50091C165 /* MapView.swift in Sources */,
				6C12D4B92A4388E200EB16C3 /* CoverImageModel.swift in Sources */,
				6CDAA08D2A47024900843465 /* AnimalDetailView.swift in Sources */,
				6CDAA0892A46D96D00843465 /* AnimalModel.swift in Sources */,
				6C12D4B62A43843900EB16C3 /* CoverImageView.swift in Sources */,
				6C08A2972A55EF0B00BB369C /* VideoPlayerHelper.swift in Sources */,
				6CDAA0952A470B5400843465 /* InsetMapView.swift in Sources */,
				6C5BE3712A3F06540091C165 /* AfricaApp.swift in Sources */,
				6C5BE3892A421CFF0091C165 /* VideoListView.swift in Sources */,
				6C7647232A48DCA800B2601C /* VideoModel.swift in Sources */,
				6C5BE38F2A421DE50091C165 /* GalleryView.swift in Sources */,
				6C94B9272A5DC19200FDD21E /* LocationModel.swift in Sources */,
				6CDAA0912A4704FA00843465 /* InsetGalleryView.swift in Sources */,
				6C7647252A48DCE000B2601C /* VideoListItem.swift in Sources */,
				6C12D4BC2A438A8100EB16C3 /* CodableBundleExtension.swift in Sources */,
				6CDAA08F2A4703E400843465 /* HeadingView.swift in Sources */,
				6C08A2942A55EE0400BB369C /* VideoPlayerView.swift in Sources */,
			);
			runOnlyForDeploymentPostprocessing = 0;
		};
/* End PBXSourcesBuildPhase section */

/* Begin XCBuildConfiguration section */
		6C5BE3792A3F06550091C165 /* Debug */ = {
			isa = XCBuildConfiguration;
			buildSettings = {
				ALWAYS_SEARCH_USER_PATHS = NO;
				CLANG_ANALYZER_NONNULL = YES;
				CLANG_ANALYZER_NUMBER_OBJECT_CONVERSION = YES_AGGRESSIVE;
				CLANG_CXX_LANGUAGE_STANDARD = "gnu++20";
				CLANG_ENABLE_MODULES = YES;
				CLANG_ENABLE_OBJC_ARC = YES;
				CLANG_ENABLE_OBJC_WEAK = YES;
				CLANG_WARN_BLOCK_CAPTURE_AUTORELEASING = YES;
				CLANG_WARN_BOOL_CONVERSION = YES;
				CLANG_WARN_COMMA = YES;
				CLANG_WARN_CONSTANT_CONVERSION = YES;
				CLANG_WARN_DEPRECATED_OBJC_IMPLEMENTATIONS = YES;
				CLANG_WARN_DIRECT_OBJC_ISA_USAGE = YES_ERROR;
				CLANG_WARN_DOCUMENTATION_COMMENTS = YES;
				CLANG_WARN_EMPTY_BODY = YES;
				CLANG_WARN_ENUM_CONVERSION = YES;
				CLANG_WARN_INFINITE_RECURSION = YES;
				CLANG_WARN_INT_CONVERSION = YES;
				CLANG_WARN_NON_LITERAL_NULL_CONVERSION = YES;
				CLANG_WARN_OBJC_IMPLICIT_RETAIN_SELF = YES;
				CLANG_WARN_OBJC_LITERAL_CONVERSION = YES;
				CLANG_WARN_OBJC_ROOT_CLASS = YES_ERROR;
				CLANG_WARN_QUOTED_INCLUDE_IN_FRAMEWORK_HEADER = YES;
				CLANG_WARN_RANGE_LOOP_ANALYSIS = YES;
				CLANG_WARN_STRICT_PROTOTYPES = YES;
				CLANG_WARN_SUSPICIOUS_MOVE = YES;
				CLANG_WARN_UNGUARDED_AVAILABILITY = YES_AGGRESSIVE;
				CLANG_WARN_UNREACHABLE_CODE = YES;
				CLANG_WARN__DUPLICATE_METHOD_MATCH = YES;
				COPY_PHASE_STRIP = NO;
				DEBUG_INFORMATION_FORMAT = dwarf;
				ENABLE_STRICT_OBJC_MSGSEND = YES;
				ENABLE_TESTABILITY = YES;
				GCC_C_LANGUAGE_STANDARD = gnu11;
				GCC_DYNAMIC_NO_PIC = NO;
				GCC_NO_COMMON_BLOCKS = YES;
				GCC_OPTIMIZATION_LEVEL = 0;
				GCC_PREPROCESSOR_DEFINITIONS = (
					"DEBUG=1",
					"$(inherited)",
				);
				GCC_WARN_64_TO_32_BIT_CONVERSION = YES;
				GCC_WARN_ABOUT_RETURN_TYPE = YES_ERROR;
				GCC_WARN_UNDECLARED_SELECTOR = YES;
				GCC_WARN_UNINITIALIZED_AUTOS = YES_AGGRESSIVE;
				GCC_WARN_UNUSED_FUNCTION = YES;
				GCC_WARN_UNUSED_VARIABLE = YES;
				IPHONEOS_DEPLOYMENT_TARGET = 16.4;
				MTL_ENABLE_DEBUG_INFO = INCLUDE_SOURCE;
				MTL_FAST_MATH = YES;
				ONLY_ACTIVE_ARCH = YES;
				SDKROOT = iphoneos;
				SWIFT_ACTIVE_COMPILATION_CONDITIONS = DEBUG;
				SWIFT_OPTIMIZATION_LEVEL = "-Onone";
			};
			name = Debug;
		};
		6C5BE37A2A3F06550091C165 /* Release */ = {
			isa = XCBuildConfiguration;
			buildSettings = {
				ALWAYS_SEARCH_USER_PATHS = NO;
				CLANG_ANALYZER_NONNULL = YES;
				CLANG_ANALYZER_NUMBER_OBJECT_CONVERSION = YES_AGGRESSIVE;
				CLANG_CXX_LANGUAGE_STANDARD = "gnu++20";
				CLANG_ENABLE_MODULES = YES;
				CLANG_ENABLE_OBJC_ARC = YES;
				CLANG_ENABLE_OBJC_WEAK = YES;
				CLANG_WARN_BLOCK_CAPTURE_AUTORELEASING = YES;
				CLANG_WARN_BOOL_CONVERSION = YES;
				CLANG_WARN_COMMA = YES;
				CLANG_WARN_CONSTANT_CONVERSION = YES;
				CLANG_WARN_DEPRECATED_OBJC_IMPLEMENTATIONS = YES;
				CLANG_WARN_DIRECT_OBJC_ISA_USAGE = YES_ERROR;
				CLANG_WARN_DOCUMENTATION_COMMENTS = YES;
				CLANG_WARN_EMPTY_BODY = YES;
				CLANG_WARN_ENUM_CONVERSION = YES;
				CLANG_WARN_INFINITE_RECURSION = YES;
				CLANG_WARN_INT_CONVERSION = YES;
				CLANG_WARN_NON_LITERAL_NULL_CONVERSION = YES;
				CLANG_WARN_OBJC_IMPLICIT_RETAIN_SELF = YES;
				CLANG_WARN_OBJC_LITERAL_CONVERSION = YES;
				CLANG_WARN_OBJC_ROOT_CLASS = YES_ERROR;
				CLANG_WARN_QUOTED_INCLUDE_IN_FRAMEWORK_HEADER = YES;
				CLANG_WARN_RANGE_LOOP_ANALYSIS = YES;
				CLANG_WARN_STRICT_PROTOTYPES = YES;
				CLANG_WARN_SUSPICIOUS_MOVE = YES;
				CLANG_WARN_UNGUARDED_AVAILABILITY = YES_AGGRESSIVE;
				CLANG_WARN_UNREACHABLE_CODE = YES;
				CLANG_WARN__DUPLICATE_METHOD_MATCH = YES;
				COPY_PHASE_STRIP = NO;
				DEBUG_INFORMATION_FORMAT = "dwarf-with-dsym";
				ENABLE_NS_ASSERTIONS = NO;
				ENABLE_STRICT_OBJC_MSGSEND = YES;
				GCC_C_LANGUAGE_STANDARD = gnu11;
				GCC_NO_COMMON_BLOCKS = YES;
				GCC_WARN_64_TO_32_BIT_CONVERSION = YES;
				GCC_WARN_ABOUT_RETURN_TYPE = YES_ERROR;
				GCC_WARN_UNDECLARED_SELECTOR = YES;
				GCC_WARN_UNINITIALIZED_AUTOS = YES_AGGRESSIVE;
				GCC_WARN_UNUSED_FUNCTION = YES;
				GCC_WARN_UNUSED_VARIABLE = YES;
				IPHONEOS_DEPLOYMENT_TARGET = 16.4;
				MTL_ENABLE_DEBUG_INFO = NO;
				MTL_FAST_MATH = YES;
				SDKROOT = iphoneos;
				SWIFT_COMPILATION_MODE = wholemodule;
				SWIFT_OPTIMIZATION_LEVEL = "-O";
				VALIDATE_PRODUCT = YES;
			};
			name = Release;
		};
		6C5BE37C2A3F06550091C165 /* Debug */ = {
			isa = XCBuildConfiguration;
			buildSettings = {
				ASSETCATALOG_COMPILER_APPICON_NAME = AppIcon;
				ASSETCATALOG_COMPILER_GLOBAL_ACCENT_COLOR_NAME = AccentColor;
				CODE_SIGN_STYLE = Automatic;
				CURRENT_PROJECT_VERSION = 1;
				DEVELOPMENT_ASSET_PATHS = "\"Africa/Preview Content\"";
				DEVELOPMENT_TEAM = 72XAQDS67T;
				ENABLE_PREVIEWS = YES;
				GENERATE_INFOPLIST_FILE = YES;
				INFOPLIST_FILE = Africa/Info.plist;
				INFOPLIST_KEY_UIApplicationSceneManifest_Generation = YES;
				INFOPLIST_KEY_UIApplicationSupportsIndirectInputEvents = YES;
				INFOPLIST_KEY_UISupportedInterfaceOrientations_iPad = "UIInterfaceOrientationPortrait UIInterfaceOrientationPortraitUpsideDown UIInterfaceOrientationLandscapeLeft UIInterfaceOrientationLandscapeRight";
				INFOPLIST_KEY_UISupportedInterfaceOrientations_iPhone = "UIInterfaceOrientationPortrait UIInterfaceOrientationLandscapeLeft UIInterfaceOrientationLandscapeRight";
				INFOPLIST_KEY_UIUserInterfaceStyle = Dark;
				LD_RUNPATH_SEARCH_PATHS = (
					"$(inherited)",
					"@executable_path/Frameworks",
				);
				MARKETING_VERSION = 1.0;
				PRODUCT_BUNDLE_IDENTIFIER = com.tacettin.Africa;
				PRODUCT_NAME = "$(TARGET_NAME)";
				SWIFT_EMIT_LOC_STRINGS = YES;
				SWIFT_VERSION = 5.0;
				TARGETED_DEVICE_FAMILY = "1,2";
			};
			name = Debug;
		};
		6C5BE37D2A3F06550091C165 /* Release */ = {
			isa = XCBuildConfiguration;
			buildSettings = {
				ASSETCATALOG_COMPILER_APPICON_NAME = AppIcon;
				ASSETCATALOG_COMPILER_GLOBAL_ACCENT_COLOR_NAME = AccentColor;
				CODE_SIGN_STYLE = Automatic;
				CURRENT_PROJECT_VERSION = 1;
				DEVELOPMENT_ASSET_PATHS = "\"Africa/Preview Content\"";
				DEVELOPMENT_TEAM = 72XAQDS67T;
				ENABLE_PREVIEWS = YES;
				GENERATE_INFOPLIST_FILE = YES;
				INFOPLIST_FILE = Africa/Info.plist;
				INFOPLIST_KEY_UIApplicationSceneManifest_Generation = YES;
				INFOPLIST_KEY_UIApplicationSupportsIndirectInputEvents = YES;
				INFOPLIST_KEY_UISupportedInterfaceOrientations_iPad = "UIInterfaceOrientationPortrait UIInterfaceOrientationPortraitUpsideDown UIInterfaceOrientationLandscapeLeft UIInterfaceOrientationLandscapeRight";
				INFOPLIST_KEY_UISupportedInterfaceOrientations_iPhone = "UIInterfaceOrientationPortrait UIInterfaceOrientationLandscapeLeft UIInterfaceOrientationLandscapeRight";
				INFOPLIST_KEY_UIUserInterfaceStyle = Dark;
				LD_RUNPATH_SEARCH_PATHS = (
					"$(inherited)",
					"@executable_path/Frameworks",
				);
				MARKETING_VERSION = 1.0;
				PRODUCT_BUNDLE_IDENTIFIER = com.tacettin.Africa;
				PRODUCT_NAME = "$(TARGET_NAME)";
				SWIFT_EMIT_LOC_STRINGS = YES;
				SWIFT_VERSION = 5.0;
				TARGETED_DEVICE_FAMILY = "1,2";
			};
			name = Release;
		};
/* End XCBuildConfiguration section */

/* Begin XCConfigurationList section */
		6C5BE3682A3F06540091C165 /* Build configuration list for PBXProject "Africa" */ = {
			isa = XCConfigurationList;
			buildConfigurations = (
				6C5BE3792A3F06550091C165 /* Debug */,
				6C5BE37A2A3F06550091C165 /* Release */,
			);
			defaultConfigurationIsVisible = 0;
			defaultConfigurationName = Release;
		};
		6C5BE37B2A3F06550091C165 /* Build configuration list for PBXNativeTarget "Africa" */ = {
			isa = XCConfigurationList;
			buildConfigurations = (
				6C5BE37C2A3F06550091C165 /* Debug */,
				6C5BE37D2A3F06550091C165 /* Release */,
			);
			defaultConfigurationIsVisible = 0;
			defaultConfigurationName = Release;
		};
/* End XCConfigurationList section */
	};
	rootObject = 6C5BE3652A3F06540091C165 /* Project object */;
}
